
Microsoft Visual Studio Solution File, Format Version 12.00
# Visual Studio 15
Project("{FAE04EC0-301F-11D3-BF4B-00C04F79EFBC}") = "Assembly-CSharp", "Assembly-CSharp.csproj", "{9EE353BE-234F-5D9E-E6E4-7E8218DF7F4B}"
EndProject
Project("{FAE04EC0-301F-11D3-BF4B-00C04F79EFBC}") = "PhotonUnityNetworking.Demos", "PhotonUnityNetworking.Demos.csproj", "{75F3FCF0-96B4-D0D1-0109-6578561D3899}"
EndProject
Project("{FAE04EC0-301F-11D3-BF4B-00C04F79EFBC}") = "PhotonUnityNetworking.Utilities", "PhotonUnityNetworking.Utilities.csproj", "{D91BC059-9D1F-C350-0ABD-A46EE8FB1BFE}"
EndProject
Project("{FAE04EC0-301F-11D3-BF4B-00C04F79EFBC}") = "PhotonChat", "PhotonChat.csproj", "{6B64B073-64E6-93C3-BB33-F66F3EC419F3}"
EndProject
Project("{FAE04EC0-301F-11D3-BF4B-00C04F79EFBC}") = "PhotonUnityNetworking", "PhotonUnityNetworking.csproj", "{A0727E81-AAD9-0292-3459-182B96E6EC17}"
EndProject
Project("{FAE04EC0-301F-11D3-BF4B-00C04F79EFBC}") = "PhotonRealtime", "PhotonRealtime.csproj", "{6D62DFE1-9484-FC96-DF4C-7A1A944A2AC2}"
EndProject
Project("{FAE04EC0-301F-11D3-BF4B-00C04F79EFBC}") = "PhotonWebSocket", "PhotonWebSocket.csproj", "{1F4A061A-5933-270A-402E-6B32284C28EF}"
EndProject
Project("{FAE04EC0-301F-11D3-BF4B-00C04F79EFBC}") = "PhotonUnityNetworking.Editor", "PhotonUnityNetworking.Editor.csproj", "{C2C389C8-39F8-54E1-84BD-24E731E1BCEC}"
EndProject
Project("{FAE04EC0-301F-11D3-BF4B-00C04F79EFBC}") = "PunDemos.DemoHubEditor", "PunDemos.DemoHubEditor.csproj", "{C7615529-D967-6CED-B04D-C1F42E22846A}"
EndProject
Project("{FAE04EC0-301F-11D3-BF4B-00C04F79EFBC}") = "PhotonUnityNetworking.Utilities.PhotonPlayer.Editor", "PhotonUnityNetworking.Utilities.PhotonPlayer.Editor.csproj", "{FB1A19E1-0B92-04F8-4C37-154929121F44}"
EndProject
Project("{FAE04EC0-301F-11D3-BF4B-00C04F79EFBC}") = "PhotonUnityNetworking.Utilities.Culling.Editor", "PhotonUnityNetworking.Utilities.Culling.Editor.csproj", "{9580AC5D-013F-1A43-D2D2-38EEEDEB37A3}"
EndProject
Project("{FAE04EC0-301F-11D3-BF4B-00C04F79EFBC}") = "Assembly-CSharp-Editor-firstpass", "Assembly-CSharp-Editor-firstpass.csproj", "{9B9BA378-9047-F242-C87E-08CA46FF7437}"
EndProject
Project("{FAE04EC0-301F-11D3-BF4B-00C04F79EFBC}") = "PunDemos.DemoSlotcarEditor", "PunDemos.DemoSlotcarEditor.csproj", "{99A07C9E-47AD-7266-004C-31458D012C53}"
EndProject
Global
	GlobalSection(SolutionConfigurationPlatforms) = preSolution
		Debug|Any CPU = Debug|Any CPU
		Release|Any CPU = Release|Any CPU
	EndGlobalSection
	GlobalSection(ProjectConfigurationPlatforms) = postSolution
		{9EE353BE-234F-5D9E-E6E4-7E8218DF7F4B}.Debug|Any CPU.ActiveCfg = Debug|Any CPU
		{9EE353BE-234F-5D9E-E6E4-7E8218DF7F4B}.Debug|Any CPU.Build.0 = Debug|Any CPU
		{9EE353BE-234F-5D9E-E6E4-7E8218DF7F4B}.Release|Any CPU.ActiveCfg = Release|Any CPU
		{9EE353BE-234F-5D9E-E6E4-7E8218DF7F4B}.Release|Any CPU.Build.0 = Release|Any CPU
		{75F3FCF0-96B4-D0D1-0109-6578561D3899}.Debug|Any CPU.ActiveCfg = Debug|Any CPU
		{75F3FCF0-96B4-D0D1-0109-6578561D3899}.Debug|Any CPU.Build.0 = Debug|Any CPU
		{75F3FCF0-96B4-D0D1-0109-6578561D3899}.Release|Any CPU.ActiveCfg = Release|Any CPU
		{75F3FCF0-96B4-D0D1-0109-6578561D3899}.Release|Any CPU.Build.0 = Release|Any CPU
		{D91BC059-9D1F-C350-0ABD-A46EE8FB1BFE}.Debug|Any CPU.ActiveCfg = Debug|Any CPU
		{D91BC059-9D1F-C350-0ABD-A46EE8FB1BFE}.Debug|Any CPU.Build.0 = Debug|Any CPU
		{D91BC059-9D1F-C350-0ABD-A46EE8FB1BFE}.Release|Any CPU.ActiveCfg = Release|Any CPU
		{D91BC059-9D1F-C350-0ABD-A46EE8FB1BFE}.Release|Any CPU.Build.0 = Release|Any CPU
		{6B64B073-64E6-93C3-BB33-F66F3EC419F3}.Debug|Any CPU.ActiveCfg = Debug|Any CPU
		{6B64B073-64E6-93C3-BB33-F66F3EC419F3}.Debug|Any CPU.Build.0 = Debug|Any CPU
		{6B64B073-64E6-93C3-BB33-F66F3EC419F3}.Release|Any CPU.ActiveCfg = Release|Any CPU
		{6B64B073-64E6-93C3-BB33-F66F3EC419F3}.Release|Any CPU.Build.0 = Release|Any CPU
		{A0727E81-AAD9-0292-3459-182B96E6EC17}.Debug|Any CPU.ActiveCfg = Debug|Any CPU
		{A0727E81-AAD9-0292-3459-182B96E6EC17}.Debug|Any CPU.Build.0 = Debug|Any CPU
		{A0727E81-AAD9-0292-3459-182B96E6EC17}.Release|Any CPU.ActiveCfg = Release|Any CPU
		{A0727E81-AAD9-0292-3459-182B96E6EC17}.Release|Any CPU.Build.0 = Release|Any CPU
		{6D62DFE1-9484-FC96-DF4C-7A1A944A2AC2}.Debug|Any CPU.ActiveCfg = Debug|Any CPU
		{6D62DFE1-9484-FC96-DF4C-7A1A944A2AC2}.Debug|Any CPU.Build.0 = Debug|Any CPU
		{6D62DFE1-9484-FC96-DF4C-7A1A944A2AC2}.Release|Any CPU.ActiveCfg = Release|Any CPU
		{6D62DFE1-9484-FC96-DF4C-7A1A944A2AC2}.Release|Any CPU.Build.0 = Release|Any CPU
		{1F4A061A-5933-270A-402E-6B32284C28EF}.Debug|Any CPU.ActiveCfg = Debug|Any CPU
		{1F4A061A-5933-270A-402E-6B32284C28EF}.Debug|Any CPU.Build.0 = Debug|Any CPU
		{1F4A061A-5933-270A-402E-6B32284C28EF}.Release|Any CPU.ActiveCfg = Release|Any CPU
		{1F4A061A-5933-270A-402E-6B32284C28EF}.Release|Any CPU.Build.0 = Release|Any CPU
		{C2C389C8-39F8-54E1-84BD-24E731E1BCEC}.Debug|Any CPU.ActiveCfg = Debug|Any CPU
		{C2C389C8-39F8-54E1-84BD-24E731E1BCEC}.Debug|Any CPU.Build.0 = Debug|Any CPU
		{C2C389C8-39F8-54E1-84BD-24E731E1BCEC}.Release|Any CPU.ActiveCfg = Release|Any CPU
		{C2C389C8-39F8-54E1-84BD-24E731E1BCEC}.Release|Any CPU.Build.0 = Release|Any CPU
		{C7615529-D967-6CED-B04D-C1F42E22846A}.Debug|Any CPU.ActiveCfg = Debug|Any CPU
		{C7615529-D967-6CED-B04D-C1F42E22846A}.Debug|Any CPU.Build.0 = Debug|Any CPU
		{C7615529-D967-6CED-B04D-C1F42E22846A}.Release|Any CPU.ActiveCfg = Release|Any CPU
		{C7615529-D967-6CED-B04D-C1F42E22846A}.Release|Any CPU.Build.0 = Release|Any CPU
		{FB1A19E1-0B92-04F8-4C37-154929121F44}.Debug|Any CPU.ActiveCfg = Debug|Any CPU
		{FB1A19E1-0B92-04F8-4C37-154929121F44}.Debug|Any CPU.Build.0 = Debug|Any CPU
		{FB1A19E1-0B92-04F8-4C37-154929121F44}.Release|Any CPU.ActiveCfg = Release|Any CPU
		{FB1A19E1-0B92-04F8-4C37-154929121F44}.Release|Any CPU.Build.0 = Release|Any CPU
		{9580AC5D-013F-1A43-D2D2-38EEEDEB37A3}.Debug|Any CPU.ActiveCfg = Debug|Any CPU
		{9580AC5D-013F-1A43-D2D2-38EEEDEB37A3}.Debug|Any CPU.Build.0 = Debug|Any CPU
		{9580AC5D-013F-1A43-D2D2-38EEEDEB37A3}.Release|Any CPU.ActiveCfg = Release|Any CPU
		{9580AC5D-013F-1A43-D2D2-38EEEDEB37A3}.Release|Any CPU.Build.0 = Release|Any CPU
		{9B9BA378-9047-F242-C87E-08CA46FF7437}.Debug|Any CPU.ActiveCfg = Debug|Any CPU
		{9B9BA378-9047-F242-C87E-08CA46FF7437}.Debug|Any CPU.Build.0 = Debug|Any CPU
		{9B9BA378-9047-F242-C87E-08CA46FF7437}.Release|Any CPU.ActiveCfg = Release|Any CPU
		{9B9BA378-9047-F242-C87E-08CA46FF7437}.Release|Any CPU.Build.0 = Release|Any CPU
		{99A07C9E-47AD-7266-004C-31458D012C53}.Debug|Any CPU.ActiveCfg = Debug|Any CPU
		{99A07C9E-47AD-7266-004C-31458D012C53}.Debug|Any CPU.Build.0 = Debug|Any CPU
		{99A07C9E-47AD-7266-004C-31458D012C53}.Release|Any CPU.ActiveCfg = Release|Any CPU
		{99A07C9E-47AD-7266-004C-31458D012C53}.Release|Any CPU.Build.0 = Release|Any CPU
	EndGlobalSection
	GlobalSection(SolutionProperties) = preSolution
		HideSolutionNode = FALSE
	EndGlobalSection
EndGlobal
